
Microsoft Visual Studio Solution File, Format Version 12.00
# Visual Studio Version 17
VisualStudioVersion = 17.4.33213.308
MinimumVisualStudioVersion = 10.0.40219.1
Project("{FAE04EC0-301F-11D3-BF4B-00C04F79EFBC}") = "301093542(leal)_Midterm", "301093542(leal)_Midterm\301093542(leal)_Midterm.csproj", "{A448BBA9-0CD5-4930-A4A4-EAB16A9754D3}"
EndProject
Global
	GlobalSection(SolutionConfigurationPlatforms) = preSolution
		Debug|Any CPU = Debug|Any CPU
		Release|Any CPU = Release|Any CPU
	EndGlobalSection
	GlobalSection(ProjectConfigurationPlatforms) = postSolution
		{A448BBA9-0CD5-4930-A4A4-EAB16A9754D3}.Debug|Any CPU.ActiveCfg = Debug|Any CPU
		{A448BBA9-0CD5-4930-A4A4-EAB16A9754D3}.Debug|Any CPU.Build.0 = Debug|Any CPU
		{A448BBA9-0CD5-4930-A4A4-EAB16A9754D3}.Release|Any CPU.ActiveCfg = Release|Any CPU
		{A448BBA9-0CD5-4930-A4A4-EAB16A9754D3}.Release|Any CPU.Build.0 = Release|Any CPU
	EndGlobalSection
	GlobalSection(SolutionProperties) = preSolution
		HideSolutionNode = FALSE
	EndGlobalSection
	GlobalSection(ExtensibilityGlobals) = postSolution
		SolutionGuid = {21DEC224-B073-48F9-A837-50C567438729}
	EndGlobalSection
EndGlobal
