
Microsoft Visual Studio Solution File, Format Version 12.00
# Visual Studio Version 17
VisualStudioVersion = 17.4.33213.308
MinimumVisualStudioVersion = 10.0.40219.1
Project("{FAE04EC0-301F-11D3-BF4B-00C04F79EFBC}") = "Exercise1", "301093542(leal)_LAB1.zip\Exercise1.csproj", "{1D8CFA84-C3DA-4AA3-8574-03E5C8303268}"
EndProject
Project("{FAE04EC0-301F-11D3-BF4B-00C04F79EFBC}") = "Exercise2", "Exercise2\Exercise2.csproj", "{6CED1765-E8C5-423E-BCE8-62208715652C}"
EndProject
Global
	GlobalSection(SolutionConfigurationPlatforms) = preSolution
		Debug|Any CPU = Debug|Any CPU
		Release|Any CPU = Release|Any CPU
	EndGlobalSection
	GlobalSection(ProjectConfigurationPlatforms) = postSolution
		{1D8CFA84-C3DA-4AA3-8574-03E5C8303268}.Debug|Any CPU.ActiveCfg = Debug|Any CPU
		{1D8CFA84-C3DA-4AA3-8574-03E5C8303268}.Debug|Any CPU.Build.0 = Debug|Any CPU
		{1D8CFA84-C3DA-4AA3-8574-03E5C8303268}.Release|Any CPU.ActiveCfg = Release|Any CPU
		{1D8CFA84-C3DA-4AA3-8574-03E5C8303268}.Release|Any CPU.Build.0 = Release|Any CPU
		{6CED1765-E8C5-423E-BCE8-62208715652C}.Debug|Any CPU.ActiveCfg = Debug|Any CPU
		{6CED1765-E8C5-423E-BCE8-62208715652C}.Debug|Any CPU.Build.0 = Debug|Any CPU
		{6CED1765-E8C5-423E-BCE8-62208715652C}.Release|Any CPU.ActiveCfg = Release|Any CPU
		{6CED1765-E8C5-423E-BCE8-62208715652C}.Release|Any CPU.Build.0 = Release|Any CPU
	EndGlobalSection
	GlobalSection(SolutionProperties) = preSolution
		HideSolutionNode = FALSE
	EndGlobalSection
	GlobalSection(ExtensibilityGlobals) = postSolution
		SolutionGuid = {C157D53B-D44E-4EC9-9069-8828DC4ABDC4}
	EndGlobalSection
EndGlobal
